
Microsoft Visual Studio Solution File, Format Version 12.00
# Visual Studio Version 17
VisualStudioVersion = 17.14.36203.30
MinimumVisualStudioVersion = 10.0.40219.1
Project("{FAE04EC0-301F-11D3-BF4B-00C04F79EFBC}") = "MauiSentryTest.App", "MauiSentryTest.App\MauiSentryTest.App.csproj", "{EABBE962-2191-4E55-B245-15A6C846DFA6}"
EndProject
Project("{FAE04EC0-301F-11D3-BF4B-00C04F79EFBC}") = "MauiSentryTest.Common", "MauiSentryTest.Common\MauiSentryTest.Common.csproj", "{78235091-5DAF-458B-944B-2674657EE99A}"
EndProject
Global
	GlobalSection(SolutionConfigurationPlatforms) = preSolution
		Debug|Any CPU = Debug|Any CPU
		Release|Any CPU = Release|Any CPU
	EndGlobalSection
	GlobalSection(ProjectConfigurationPlatforms) = postSolution
		{EABBE962-2191-4E55-B245-15A6C846DFA6}.Debug|Any CPU.ActiveCfg = Debug|Any CPU
		{EABBE962-2191-4E55-B245-15A6C846DFA6}.Debug|Any CPU.Build.0 = Debug|Any CPU
		{EABBE962-2191-4E55-B245-15A6C846DFA6}.Debug|Any CPU.Deploy.0 = Debug|Any CPU
		{EABBE962-2191-4E55-B245-15A6C846DFA6}.Release|Any CPU.ActiveCfg = Release|Any CPU
		{EABBE962-2191-4E55-B245-15A6C846DFA6}.Release|Any CPU.Build.0 = Release|Any CPU
		{78235091-5DAF-458B-944B-2674657EE99A}.Debug|Any CPU.ActiveCfg = Debug|Any CPU
		{78235091-5DAF-458B-944B-2674657EE99A}.Debug|Any CPU.Build.0 = Debug|Any CPU
		{78235091-5DAF-458B-944B-2674657EE99A}.Release|Any CPU.ActiveCfg = Release|Any CPU
		{78235091-5DAF-458B-944B-2674657EE99A}.Release|Any CPU.Build.0 = Release|Any CPU
	EndGlobalSection
	GlobalSection(SolutionProperties) = preSolution
		HideSolutionNode = FALSE
	EndGlobalSection
	GlobalSection(ExtensibilityGlobals) = postSolution
		SolutionGuid = {8A0BE628-80F0-463B-92E5-0D55614D8924}
	EndGlobalSection
EndGlobal
